// !$*UTF8*$!
{
	archiveVersion = 1;
	classes = {
	};
	objectVersion = 55;
	objects = {

/* Begin PBXBuildFile section */
		90F8AA10276CD6AA008585BF /* AppDelegate.swift in Sources */ = {isa = PBXBuildFile; fileRef = 90F8AA0F276CD6AA008585BF /* AppDelegate.swift */; };
		90F8AA12276CD6AA008585BF /* SceneDelegate.swift in Sources */ = {isa = PBXBuildFile; fileRef = 90F8AA11276CD6AA008585BF /* SceneDelegate.swift */; };
		90F8AA17276CD6AA008585BF /* Main.storyboard in Resources */ = {isa = PBXBuildFile; fileRef = 90F8AA15276CD6AA008585BF /* Main.storyboard */; };
		90F8AA19276CD6AD008585BF /* Assets.xcassets in Resources */ = {isa = PBXBuildFile; fileRef = 90F8AA18276CD6AD008585BF /* Assets.xcassets */; };
		90F8AA1C276CD6AD008585BF /* LaunchScreen.storyboard in Resources */ = {isa = PBXBuildFile; fileRef = 90F8AA1A276CD6AD008585BF /* LaunchScreen.storyboard */; };
		90F8AA2B276CD727008585BF /* PizzariaAppViewController.swift in Sources */ = {isa = PBXBuildFile; fileRef = 90F8AA27276CD727008585BF /* PizzariaAppViewController.swift */; };
		90F8AA2C276CD727008585BF /* PizzariaAppViewModel.swift in Sources */ = {isa = PBXBuildFile; fileRef = 90F8AA28276CD727008585BF /* PizzariaAppViewModel.swift */; };
		90F8AA2D276CD727008585BF /* PizzariaAppViewController.xib in Resources */ = {isa = PBXBuildFile; fileRef = 90F8AA29276CD727008585BF /* PizzariaAppViewController.xib */; };
/* End PBXBuildFile section */

/* Begin PBXFileReference section */
		90F8AA0C276CD6AA008585BF /* PizzariaApp-ios.app */ = {isa = PBXFileReference; explicitFileType = wrapper.application; includeInIndex = 0; path = "PizzariaApp-ios.app"; sourceTree = BUILT_PRODUCTS_DIR; };
		90F8AA0F276CD6AA008585BF /* AppDelegate.swift */ = {isa = PBXFileReference; lastKnownFileType = sourcecode.swift; path = AppDelegate.swift; sourceTree = "<group>"; };
		90F8AA11276CD6AA008585BF /* SceneDelegate.swift */ = {isa = PBXFileReference; lastKnownFileType = sourcecode.swift; path = SceneDelegate.swift; sourceTree = "<group>"; };
		90F8AA16276CD6AA008585BF /* Base */ = {isa = PBXFileReference; lastKnownFileType = file.storyboard; name = Base; path = Base.lproj/Main.storyboard; sourceTree = "<group>"; };
		90F8AA18276CD6AD008585BF /* Assets.xcassets */ = {isa = PBXFileReference; lastKnownFileType = folder.assetcatalog; path = Assets.xcassets; sourceTree = "<group>"; };
		90F8AA1B276CD6AD008585BF /* Base */ = {isa = PBXFileReference; lastKnownFileType = file.storyboard; name = Base; path = Base.lproj/LaunchScreen.storyboard; sourceTree = "<group>"; };
		90F8AA1D276CD6AD008585BF /* Info.plist */ = {isa = PBXFileReference; lastKnownFileType = text.plist.xml; path = Info.plist; sourceTree = "<group>"; };
		90F8AA27276CD727008585BF /* PizzariaAppViewController.swift */ = {isa = PBXFileReference; lastKnownFileType = sourcecode.swift; path = PizzariaAppViewController.swift; sourceTree = "<group>"; };
		90F8AA28276CD727008585BF /* PizzariaAppViewModel.swift */ = {isa = PBXFileReference; lastKnownFileType = sourcecode.swift; path = PizzariaAppViewModel.swift; sourceTree = "<group>"; };
		90F8AA29276CD727008585BF /* PizzariaAppViewController.xib */ = {isa = PBXFileReference; lastKnownFileType = file.xib; path = PizzariaAppViewController.xib; sourceTree = "<group>"; };
/* End PBXFileReference section */

/* Begin PBXFrameworksBuildPhase section */
		90F8AA09276CD6AA008585BF /* Frameworks */ = {
			isa = PBXFrameworksBuildPhase;
			buildActionMask = 2147483647;
			files = (
			);
			runOnlyForDeploymentPostprocessing = 0;
		};
/* End PBXFrameworksBuildPhase section */

/* Begin PBXGroup section */
		90F8AA03276CD6AA008585BF = {
			isa = PBXGroup;
			children = (
				90F8AA0E276CD6AA008585BF /* PizzariaApp-ios */,
				90F8AA0D276CD6AA008585BF /* Products */,
			);
			sourceTree = "<group>";
		};
		90F8AA0D276CD6AA008585BF /* Products */ = {
			isa = PBXGroup;
			children = (
				90F8AA0C276CD6AA008585BF /* PizzariaApp-ios.app */,
			);
			name = Products;
			sourceTree = "<group>";
		};
		90F8AA0E276CD6AA008585BF /* PizzariaApp-ios */ = {
			isa = PBXGroup;
			children = (
				90F8AA23276CD6D2008585BF /* Model */,
				90F8AA24276CD6DC008585BF /* View Model */,
				90F8AA25276CD6E6008585BF /* Controller */,
				90F8AA0F276CD6AA008585BF /* AppDelegate.swift */,
				90F8AA11276CD6AA008585BF /* SceneDelegate.swift */,
				90F8AA15276CD6AA008585BF /* Main.storyboard */,
				90F8AA18276CD6AD008585BF /* Assets.xcassets */,
				90F8AA1A276CD6AD008585BF /* LaunchScreen.storyboard */,
				90F8AA1D276CD6AD008585BF /* Info.plist */,
			);
			path = "PizzariaApp-ios";
			sourceTree = "<group>";
		};
		90F8AA23276CD6D2008585BF /* Model */ = {
			isa = PBXGroup;
			children = (
			);
			path = Model;
			sourceTree = "<group>";
		};
		90F8AA24276CD6DC008585BF /* View Model */ = {
			isa = PBXGroup;
			children = (
				90F8AA28276CD727008585BF /* PizzariaAppViewModel.swift */,
			);
			path = "View Model";
			sourceTree = "<group>";
		};
		90F8AA25276CD6E6008585BF /* Controller */ = {
			isa = PBXGroup;
			children = (
				90F8AA27276CD727008585BF /* PizzariaAppViewController.swift */,
				90F8AA29276CD727008585BF /* PizzariaAppViewController.xib */,
			);
			path = Controller;
			sourceTree = "<group>";
		};
/* End PBXGroup section */

/* Begin PBXNativeTarget section */
		90F8AA0B276CD6AA008585BF /* PizzariaApp-ios */ = {
			isa = PBXNativeTarget;
			buildConfigurationList = 90F8AA20276CD6AD008585BF /* Build configuration list for PBXNativeTarget "PizzariaApp-ios" */;
			buildPhases = (
				90F8AA08276CD6AA008585BF /* Sources */,
				90F8AA09276CD6AA008585BF /* Frameworks */,
				90F8AA0A276CD6AA008585BF /* Resources */,
			);
			buildRules = (
			);
			dependencies = (
			);
			name = "PizzariaApp-ios";
			productName = "PizzariaApp-ios";
			productReference = 90F8AA0C276CD6AA008585BF /* PizzariaApp-ios.app */;
			productType = "com.apple.product-type.application";
		};
/* End PBXNativeTarget section */

/* Begin PBXProject section */
		90F8AA04276CD6AA008585BF /* Project object */ = {
			isa = PBXProject;
			attributes = {
				BuildIndependentTargetsInParallel = 1;
				LastSwiftUpdateCheck = 1320;
				LastUpgradeCheck = 1320;
				TargetAttributes = {
					90F8AA0B276CD6AA008585BF = {
						CreatedOnToolsVersion = 13.2;
					};
				};
			};
			buildConfigurationList = 90F8AA07276CD6AA008585BF /* Build configuration list for PBXProject "PizzariaApp-ios" */;
			compatibilityVersion = "Xcode 13.0";
			developmentRegion = en;
			hasScannedForEncodings = 0;
			knownRegions = (
				en,
				Base,
			);
			mainGroup = 90F8AA03276CD6AA008585BF;
			productRefGroup = 90F8AA0D276CD6AA008585BF /* Products */;
			projectDirPath = "";
			projectRoot = "";
			targets = (
				90F8AA0B276CD6AA008585BF /* PizzariaApp-ios */,
			);
		};
/* End PBXProject section */

/* Begin PBXResourcesBuildPhase section */
		90F8AA0A276CD6AA008585BF /* Resources */ = {
			isa = PBXResourcesBuildPhase;
			buildActionMask = 2147483647;
			files = (
				90F8AA2D276CD727008585BF /* PizzariaAppViewController.xib in Resources */,
				90F8AA1C276CD6AD008585BF /* LaunchScreen.storyboard in Resources */,
				90F8AA19276CD6AD008585BF /* Assets.xcassets in Resources */,
				90F8AA17276CD6AA008585BF /* Main.storyboard in Resources */,
			);
			runOnlyForDeploymentPostprocessing = 0;
		};
/* End PBXResourcesBuildPhase section */

/* Begin PBXSourcesBuildPhase section */
		90F8AA08276CD6AA008585BF /* Sources */ = {
			isa = PBXSourcesBuildPhase;
			buildActionMask = 2147483647;
			files = (
				90F8AA2C276CD727008585BF /* PizzariaAppViewModel.swift in Sources */,
				90F8AA2B276CD727008585BF /* PizzariaAppViewController.swift in Sources */,
				90F8AA10276CD6AA008585BF /* AppDelegate.swift in Sources */,
				90F8AA12276CD6AA008585BF /* SceneDelegate.swift in Sources */,
			);
			runOnlyForDeploymentPostprocessing = 0;
		};
/* End PBXSourcesBuildPhase section */

/* Begin PBXVariantGroup section */
		90F8AA15276CD6AA008585BF /* Main.storyboard */ = {
			isa = PBXVariantGroup;
			children = (
				90F8AA16276CD6AA008585BF /* Base */,
			);
			name = Main.storyboard;
			sourceTree = "<group>";
		};
		90F8AA1A276CD6AD008585BF /* LaunchScreen.storyboard */ = {
			isa = PBXVariantGroup;
			children = (
				90F8AA1B276CD6AD008585BF /* Base */,
			);
			name = LaunchScreen.storyboard;
			sourceTree = "<group>";
		};
/* End PBXVariantGroup section */

/* Begin XCBuildConfiguration section */
		90F8AA1E276CD6AD008585BF /* Debug */ = {
			isa = XCBuildConfiguration;
			buildSettings = {
				ALWAYS_SEARCH_USER_PATHS = NO;
				CLANG_ANALYZER_NONNULL = YES;
				CLANG_ANALYZER_NUMBER_OBJECT_CONVERSION = YES_AGGRESSIVE;
				CLANG_CXX_LANGUAGE_STANDARD = "gnu++17";
				CLANG_CXX_LIBRARY = "libc++";
				CLANG_ENABLE_MODULES = YES;
				CLANG_ENABLE_OBJC_ARC = YES;
				CLANG_ENABLE_OBJC_WEAK = YES;
				CLANG_WARN_BLOCK_CAPTURE_AUTORELEASING = YES;
				CLANG_WARN_BOOL_CONVERSION = YES;
				CLANG_WARN_COMMA = YES;
				CLANG_WARN_CONSTANT_CONVERSION = YES;
				CLANG_WARN_DEPRECATED_OBJC_IMPLEMENTATIONS = YES;
				CLANG_WARN_DIRECT_OBJC_ISA_USAGE = YES_ERROR;
				CLANG_WARN_DOCUMENTATION_COMMENTS = YES;
				CLANG_WARN_EMPTY_BODY = YES;
				CLANG_WARN_ENUM_CONVERSION = YES;
				CLANG_WARN_INFINITE_RECURSION = YES;
				CLANG_WARN_INT_CONVERSION = YES;
				CLANG_WARN_NON_LITERAL_NULL_CONVERSION = YES;
				CLANG_WARN_OBJC_IMPLICIT_RETAIN_SELF = YES;
				CLANG_WARN_OBJC_LITERAL_CONVERSION = YES;
				CLANG_WARN_OBJC_ROOT_CLASS = YES_ERROR;
				CLANG_WARN_QUOTED_INCLUDE_IN_FRAMEWORK_HEADER = YES;
				CLANG_WARN_RANGE_LOOP_ANALYSIS = YES;
				CLANG_WARN_STRICT_PROTOTYPES = YES;
				CLANG_WARN_SUSPICIOUS_MOVE = YES;
				CLANG_WARN_UNGUARDED_AVAILABILITY = YES_AGGRESSIVE;
				CLANG_WARN_UNREACHABLE_CODE = YES;
				CLANG_WARN__DUPLICATE_METHOD_MATCH = YES;
				COPY_PHASE_STRIP = NO;
				DEBUG_INFORMATION_FORMAT = dwarf;
				ENABLE_STRICT_OBJC_MSGSEND = YES;
				ENABLE_TESTABILITY = YES;
				GCC_C_LANGUAGE_STANDARD = gnu11;
				GCC_DYNAMIC_NO_PIC = NO;
				GCC_NO_COMMON_BLOCKS = YES;
				GCC_OPTIMIZATION_LEVEL = 0;
				GCC_PREPROCESSOR_DEFINITIONS = (
					"DEBUG=1",
					"$(inherited)",
				);
				GCC_WARN_64_TO_32_BIT_CONVERSION = YES;
				GCC_WARN_ABOUT_RETURN_TYPE = YES_ERROR;
				GCC_WARN_UNDECLARED_SELECTOR = YES;
				GCC_WARN_UNINITIALIZED_AUTOS = YES_AGGRESSIVE;
				GCC_WARN_UNUSED_FUNCTION = YES;
				GCC_WARN_UNUSED_VARIABLE = YES;
				IPHONEOS_DEPLOYMENT_TARGET = 15.2;
				MTL_ENABLE_DEBUG_INFO = INCLUDE_SOURCE;
				MTL_FAST_MATH = YES;
				ONLY_ACTIVE_ARCH = YES;
				SDKROOT = iphoneos;
				SWIFT_ACTIVE_COMPILATION_CONDITIONS = DEBUG;
				SWIFT_OPTIMIZATION_LEVEL = "-Onone";
			};
			name = Debug;
		};
		90F8AA1F276CD6AD008585BF /* Release */ = {
			isa = XCBuildConfiguration;
			buildSettings = {
				ALWAYS_SEARCH_USER_PATHS = NO;
				CLANG_ANALYZER_NONNULL = YES;
				CLANG_ANALYZER_NUMBER_OBJECT_CONVERSION = YES_AGGRESSIVE;
				CLANG_CXX_LANGUAGE_STANDARD = "gnu++17";
				CLANG_CXX_LIBRARY = "libc++";
				CLANG_ENABLE_MODULES = YES;
				CLANG_ENABLE_OBJC_ARC = YES;
				CLANG_ENABLE_OBJC_WEAK = YES;
				CLANG_WARN_BLOCK_CAPTURE_AUTORELEASING = YES;
				CLANG_WARN_BOOL_CONVERSION = YES;
				CLANG_WARN_COMMA = YES;
				CLANG_WARN_CONSTANT_CONVERSION = YES;
				CLANG_WARN_DEPRECATED_OBJC_IMPLEMENTATIONS = YES;
				CLANG_WARN_DIRECT_OBJC_ISA_USAGE = YES_ERROR;
				CLANG_WARN_DOCUMENTATION_COMMENTS = YES;
				CLANG_WARN_EMPTY_BODY = YES;
				CLANG_WARN_ENUM_CONVERSION = YES;
				CLANG_WARN_INFINITE_RECURSION = YES;
				CLANG_WARN_INT_CONVERSION = YES;
				CLANG_WARN_NON_LITERAL_NULL_CONVERSION = YES;
				CLANG_WARN_OBJC_IMPLICIT_RETAIN_SELF = YES;
				CLANG_WARN_OBJC_LITERAL_CONVERSION = YES;
				CLANG_WARN_OBJC_ROOT_CLASS = YES_ERROR;
				CLANG_WARN_QUOTED_INCLUDE_IN_FRAMEWORK_HEADER = YES;
				CLANG_WARN_RANGE_LOOP_ANALYSIS = YES;
				CLANG_WARN_STRICT_PROTOTYPES = YES;
				CLANG_WARN_SUSPICIOUS_MOVE = YES;
				CLANG_WARN_UNGUARDED_AVAILABILITY = YES_AGGRESSIVE;
				CLANG_WARN_UNREACHABLE_CODE = YES;
				CLANG_WARN__DUPLICATE_METHOD_MATCH = YES;
				COPY_PHASE_STRIP = NO;
				DEBUG_INFORMATION_FORMAT = "dwarf-with-dsym";
				ENABLE_NS_ASSERTIONS = NO;
				ENABLE_STRICT_OBJC_MSGSEND = YES;
				GCC_C_LANGUAGE_STANDARD = gnu11;
				GCC_NO_COMMON_BLOCKS = YES;
				GCC_WARN_64_TO_32_BIT_CONVERSION = YES;
				GCC_WARN_ABOUT_RETURN_TYPE = YES_ERROR;
				GCC_WARN_UNDECLARED_SELECTOR = YES;
				GCC_WARN_UNINITIALIZED_AUTOS = YES_AGGRESSIVE;
				GCC_WARN_UNUSED_FUNCTION = YES;
				GCC_WARN_UNUSED_VARIABLE = YES;
				IPHONEOS_DEPLOYMENT_TARGET = 15.2;
				MTL_ENABLE_DEBUG_INFO = NO;
				MTL_FAST_MATH = YES;
				SDKROOT = iphoneos;
				SWIFT_COMPILATION_MODE = wholemodule;
				SWIFT_OPTIMIZATION_LEVEL = "-O";
				VALIDATE_PRODUCT = YES;
			};
			name = Release;
		};
		90F8AA21276CD6AD008585BF /* Debug */ = {
			isa = XCBuildConfiguration;
			buildSettings = {
				ASSETCATALOG_COMPILER_APPICON_NAME = AppIcon;
				ASSETCATALOG_COMPILER_GLOBAL_ACCENT_COLOR_NAME = AccentColor;
				CODE_SIGN_STYLE = Automatic;
				CURRENT_PROJECT_VERSION = 1;
				DEVELOPMENT_TEAM = 9ZDQ7ASWHR;
				GENERATE_INFOPLIST_FILE = YES;
				INFOPLIST_FILE = "PizzariaApp-ios/Info.plist";
				INFOPLIST_KEY_UIApplicationSupportsIndirectInputEvents = YES;
				INFOPLIST_KEY_UILaunchStoryboardName = LaunchScreen;
				INFOPLIST_KEY_UIMainStoryboardFile = Main;
				INFOPLIST_KEY_UISupportedInterfaceOrientations_iPad = "UIInterfaceOrientationPortrait UIInterfaceOrientationPortraitUpsideDown UIInterfaceOrientationLandscapeLeft UIInterfaceOrientationLandscapeRight";
				INFOPLIST_KEY_UISupportedInterfaceOrientations_iPhone = "UIInterfaceOrientationPortrait UIInterfaceOrientationLandscapeLeft UIInterfaceOrientationLandscapeRight";
				LD_RUNPATH_SEARCH_PATHS = (
					"$(inherited)",
					"@executable_path/Frameworks",
				);
				MARKETING_VERSION = 1.0;
				PRODUCT_BUNDLE_IDENTIFIER = "com.edyama.PizzariaApp-ios";
				PRODUCT_NAME = "$(TARGET_NAME)";
				SWIFT_EMIT_LOC_STRINGS = YES;
				SWIFT_VERSION = 5.0;
				TARGETED_DEVICE_FAMILY = "1,2";
			};
			name = Debug;
		};
		90F8AA22276CD6AD008585BF /* Release */ = {
			isa = XCBuildConfiguration;
			buildSettings = {
				ASSETCATALOG_COMPILER_APPICON_NAME = AppIcon;
				ASSETCATALOG_COMPILER_GLOBAL_ACCENT_COLOR_NAME = AccentColor;
				CODE_SIGN_STYLE = Automatic;
				CURRENT_PROJECT_VERSION = 1;
				DEVELOPMENT_TEAM = 9ZDQ7ASWHR;
				GENERATE_INFOPLIST_FILE = YES;
				INFOPLIST_FILE = "PizzariaApp-ios/Info.plist";
				INFOPLIST_KEY_UIApplicationSupportsIndirectInputEvents = YES;
				INFOPLIST_KEY_UILaunchStoryboardName = LaunchScreen;
				INFOPLIST_KEY_UIMainStoryboardFile = Main;
				INFOPLIST_KEY_UISupportedInterfaceOrientations_iPad = "UIInterfaceOrientationPortrait UIInterfaceOrientationPortraitUpsideDown UIInterfaceOrientationLandscapeLeft UIInterfaceOrientationLandscapeRight";
				INFOPLIST_KEY_UISupportedInterfaceOrientations_iPhone = "UIInterfaceOrientationPortrait UIInterfaceOrientationLandscapeLeft UIInterfaceOrientationLandscapeRight";
				LD_RUNPATH_SEARCH_PATHS = (
					"$(inherited)",
					"@executable_path/Frameworks",
				);
				MARKETING_VERSION = 1.0;
				PRODUCT_BUNDLE_IDENTIFIER = "com.edyama.PizzariaApp-ios";
				PRODUCT_NAME = "$(TARGET_NAME)";
				SWIFT_EMIT_LOC_STRINGS = YES;
				SWIFT_VERSION = 5.0;
				TARGETED_DEVICE_FAMILY = "1,2";
			};
			name = Release;
		};
/* End XCBuildConfiguration section */

/* Begin XCConfigurationList section */
		90F8AA07276CD6AA008585BF /* Build configuration list for PBXProject "PizzariaApp-ios" */ = {
			isa = XCConfigurationList;
			buildConfigurations = (
				90F8AA1E276CD6AD008585BF /* Debug */,
				90F8AA1F276CD6AD008585BF /* Release */,
			);
			defaultConfigurationIsVisible = 0;
			defaultConfigurationName = Release;
		};
		90F8AA20276CD6AD008585BF /* Build configuration list for PBXNativeTarget "PizzariaApp-ios" */ = {
			isa = XCConfigurationList;
			buildConfigurations = (
				90F8AA21276CD6AD008585BF /* Debug */,
				90F8AA22276CD6AD008585BF /* Release */,
			);
			defaultConfigurationIsVisible = 0;
			defaultConfigurationName = Release;
		};
/* End XCConfigurationList section */
	};
	rootObject = 90F8AA04276CD6AA008585BF /* Project object */;
}
